// !$*UTF8*$!
{
	archiveVersion = 1;
	classes = {
	};
	objectVersion = 46;
	objects = {

/* Begin PBXBuildFile section */
		283BC4121EB8100B00EDC725 /* BigInteger.m in Sources */ = {isa = PBXBuildFile; fileRef = 283BC40C1EB8100B00EDC725 /* BigInteger.m */; };
		283BC4131EB8100B00EDC725 /* tommath.c in Sources */ = {isa = PBXBuildFile; fileRef = 283BC40F1EB8100B00EDC725 /* tommath.c */; };
		285E0D3B1EB7611500519314 /* RSA.m in Sources */ = {isa = PBXBuildFile; fileRef = 285E0D3A1EB7611500519314 /* RSA.m */; };
		289A4E211EB36FB8002804AB /* main.m in Sources */ = {isa = PBXBuildFile; fileRef = 289A4E201EB36FB8002804AB /* main.m */; };
/* End PBXBuildFile section */

/* Begin PBXCopyFilesBuildPhase section */
		289A4E1B1EB36FB8002804AB /* CopyFiles */ = {
			isa = PBXCopyFilesBuildPhase;
			buildActionMask = 2147483647;
			dstPath = /usr/share/man/man1/;
			dstSubfolderSpec = 0;
			files = (
			);
			runOnlyForDeploymentPostprocessing = 1;
		};
/* End PBXCopyFilesBuildPhase section */

/* Begin PBXFileReference section */
		283BC40B1EB8100B00EDC725 /* BigInteger.h */ = {isa = PBXFileReference; fileEncoding = 4; lastKnownFileType = sourcecode.c.h; path = BigInteger.h; sourceTree = "<group>"; };
		283BC40C1EB8100B00EDC725 /* BigInteger.m */ = {isa = PBXFileReference; fileEncoding = 4; lastKnownFileType = sourcecode.c.objc; path = BigInteger.m; sourceTree = "<group>"; };
		283BC40D1EB8100B00EDC725 /* tommath_class.h */ = {isa = PBXFileReference; fileEncoding = 4; lastKnownFileType = sourcecode.c.h; path = tommath_class.h; sourceTree = "<group>"; };
		283BC40E1EB8100B00EDC725 /* tommath_superclass.h */ = {isa = PBXFileReference; fileEncoding = 4; lastKnownFileType = sourcecode.c.h; path = tommath_superclass.h; sourceTree = "<group>"; };
		283BC40F1EB8100B00EDC725 /* tommath.c */ = {isa = PBXFileReference; fileEncoding = 4; lastKnownFileType = sourcecode.c.c; path = tommath.c; sourceTree = "<group>"; };
		283BC4101EB8100B00EDC725 /* tommath.h */ = {isa = PBXFileReference; fileEncoding = 4; lastKnownFileType = sourcecode.c.h; path = tommath.h; sourceTree = "<group>"; };
		285E0D391EB7611500519314 /* RSA.h */ = {isa = PBXFileReference; fileEncoding = 4; lastKnownFileType = sourcecode.c.h; path = RSA.h; sourceTree = "<group>"; };
		285E0D3A1EB7611500519314 /* RSA.m */ = {isa = PBXFileReference; fileEncoding = 4; lastKnownFileType = sourcecode.c.objc; path = RSA.m; sourceTree = "<group>"; };
		285E0D4B1EB7690100519314 /* primes.txt */ = {isa = PBXFileReference; fileEncoding = 4; lastKnownFileType = text; path = primes.txt; sourceTree = "<group>"; };
		289A4E1D1EB36FB8002804AB /* RSA Console */ = {isa = PBXFileReference; explicitFileType = "compiled.mach-o.executable"; includeInIndex = 0; path = "RSA Console"; sourceTree = BUILT_PRODUCTS_DIR; };
		289A4E201EB36FB8002804AB /* main.m */ = {isa = PBXFileReference; lastKnownFileType = sourcecode.c.objc; path = main.m; sourceTree = "<group>"; };
/* End PBXFileReference section */

/* Begin PBXFrameworksBuildPhase section */
		289A4E1A1EB36FB8002804AB /* Frameworks */ = {
			isa = PBXFrameworksBuildPhase;
			buildActionMask = 2147483647;
			files = (
			);
			runOnlyForDeploymentPostprocessing = 0;
		};
/* End PBXFrameworksBuildPhase section */

/* Begin PBXGroup section */
		285E0D471EB7662200519314 /* Math */ = {
			isa = PBXGroup;
			children = (
				285E0D4B1EB7690100519314 /* primes.txt */,
				283BC40B1EB8100B00EDC725 /* BigInteger.h */,
				283BC40C1EB8100B00EDC725 /* BigInteger.m */,
				283BC40D1EB8100B00EDC725 /* tommath_class.h */,
				283BC40E1EB8100B00EDC725 /* tommath_superclass.h */,
				283BC40F1EB8100B00EDC725 /* tommath.c */,
				283BC4101EB8100B00EDC725 /* tommath.h */,
			);
			name = Math;
			sourceTree = "<group>";
		};
		289A4E141EB36FB8002804AB = {
			isa = PBXGroup;
			children = (
				289A4E1F1EB36FB8002804AB /* RSA Console */,
				289A4E1E1EB36FB8002804AB /* Products */,
			);
			sourceTree = "<group>";
		};
		289A4E1E1EB36FB8002804AB /* Products */ = {
			isa = PBXGroup;
			children = (
				289A4E1D1EB36FB8002804AB /* RSA Console */,
			);
			name = Products;
			sourceTree = "<group>";
		};
		289A4E1F1EB36FB8002804AB /* RSA Console */ = {
			isa = PBXGroup;
			children = (
				285E0D471EB7662200519314 /* Math */,
				289A4E201EB36FB8002804AB /* main.m */,
				285E0D391EB7611500519314 /* RSA.h */,
				285E0D3A1EB7611500519314 /* RSA.m */,
			);
			path = "RSA Console";
			sourceTree = "<group>";
		};
/* End PBXGroup section */

/* Begin PBXNativeTarget section */
		289A4E1C1EB36FB8002804AB /* RSA Console */ = {
			isa = PBXNativeTarget;
			buildConfigurationList = 289A4E241EB36FB8002804AB /* Build configuration list for PBXNativeTarget "RSA Console" */;
			buildPhases = (
				289A4E191EB36FB8002804AB /* Sources */,
				289A4E1A1EB36FB8002804AB /* Frameworks */,
				289A4E1B1EB36FB8002804AB /* CopyFiles */,
			);
			buildRules = (
			);
			dependencies = (
			);
			name = "RSA Console";
			productName = "RSA Console";
			productReference = 289A4E1D1EB36FB8002804AB /* RSA Console */;
			productType = "com.apple.product-type.tool";
		};
/* End PBXNativeTarget section */

/* Begin PBXProject section */
		289A4E151EB36FB8002804AB /* Project object */ = {
			isa = PBXProject;
			attributes = {
				LastUpgradeCheck = 0830;
				ORGANIZATIONNAME = "Yongyang Nie";
				TargetAttributes = {
					289A4E1C1EB36FB8002804AB = {
						CreatedOnToolsVersion = 8.3.2;
						DevelopmentTeam = 8NZ8K5GNH8;
						ProvisioningStyle = Automatic;
					};
				};
			};
			buildConfigurationList = 289A4E181EB36FB8002804AB /* Build configuration list for PBXProject "RSA Console" */;
			compatibilityVersion = "Xcode 3.2";
			developmentRegion = English;
			hasScannedForEncodings = 0;
			knownRegions = (
				en,
			);
			mainGroup = 289A4E141EB36FB8002804AB;
			productRefGroup = 289A4E1E1EB36FB8002804AB /* Products */;
			projectDirPath = "";
			projectRoot = "";
			targets = (
				289A4E1C1EB36FB8002804AB /* RSA Console */,
			);
		};
/* End PBXProject section */

/* Begin PBXSourcesBuildPhase section */
		289A4E191EB36FB8002804AB /* Sources */ = {
			isa = PBXSourcesBuildPhase;
			buildActionMask = 2147483647;
			files = (
				283BC4131EB8100B00EDC725 /* tommath.c in Sources */,
				289A4E211EB36FB8002804AB /* main.m in Sources */,
				283BC4121EB8100B00EDC725 /* BigInteger.m in Sources */,
				285E0D3B1EB7611500519314 /* RSA.m in Sources */,
			);
			runOnlyForDeploymentPostprocessing = 0;
		};
/* End PBXSourcesBuildPhase section */

/* Begin XCBuildConfiguration section */
		289A4E221EB36FB8002804AB /* Debug */ = {
			isa = XCBuildConfiguration;
			buildSettings = {
				ALWAYS_SEARCH_USER_PATHS = NO;
				CLANG_ANALYZER_NONNULL = YES;
				CLANG_ANALYZER_NUMBER_OBJECT_CONVERSION = YES_AGGRESSIVE;
				CLANG_CXX_LANGUAGE_STANDARD = "gnu++0x";
				CLANG_CXX_LIBRARY = "libc++";
				CLANG_ENABLE_MODULES = YES;
				CLANG_ENABLE_OBJC_ARC = YES;
				CLANG_WARN_BOOL_CONVERSION = YES;
				CLANG_WARN_CONSTANT_CONVERSION = YES;
				CLANG_WARN_DIRECT_OBJC_ISA_USAGE = YES_ERROR;
				CLANG_WARN_DOCUMENTATION_COMMENTS = YES;
				CLANG_WARN_EMPTY_BODY = YES;
				CLANG_WARN_ENUM_CONVERSION = YES;
				CLANG_WARN_INFINITE_RECURSION = YES;
				CLANG_WARN_INT_CONVERSION = YES;
				CLANG_WARN_OBJC_ROOT_CLASS = YES_ERROR;
				CLANG_WARN_SUSPICIOUS_MOVE = YES;
				CLANG_WARN_UNREACHABLE_CODE = YES;
				CLANG_WARN__DUPLICATE_METHOD_MATCH = YES;
				CODE_SIGN_IDENTITY = "-";
				COPY_PHASE_STRIP = NO;
				DEBUG_INFORMATION_FORMAT = dwarf;
				ENABLE_STRICT_OBJC_MSGSEND = YES;
				ENABLE_TESTABILITY = YES;
				GCC_C_LANGUAGE_STANDARD = gnu99;
				GCC_DYNAMIC_NO_PIC = NO;
				GCC_NO_COMMON_BLOCKS = YES;
				GCC_OPTIMIZATION_LEVEL = 0;
				GCC_PREPROCESSOR_DEFINITIONS = (
					"DEBUG=1",
					"$(inherited)",
				);
				GCC_WARN_64_TO_32_BIT_CONVERSION = YES;
				GCC_WARN_ABOUT_RETURN_TYPE = YES_ERROR;
				GCC_WARN_UNDECLARED_SELECTOR = YES;
				GCC_WARN_UNINITIALIZED_AUTOS = YES_AGGRESSIVE;
				GCC_WARN_UNUSED_FUNCTION = YES;
				GCC_WARN_UNUSED_VARIABLE = YES;
				MACOSX_DEPLOYMENT_TARGET = 10.12;
				MTL_ENABLE_DEBUG_INFO = YES;
				ONLY_ACTIVE_ARCH = YES;
				SDKROOT = macosx;
			};
			name = Debug;
		};
		289A4E231EB36FB8002804AB /* Release */ = {
			isa = XCBuildConfiguration;
			buildSettings = {
				ALWAYS_SEARCH_USER_PATHS = NO;
				CLANG_ANALYZER_NONNULL = YES;
				CLANG_ANALYZER_NUMBER_OBJECT_CONVERSION = YES_AGGRESSIVE;
				CLANG_CXX_LANGUAGE_STANDARD = "gnu++0x";
				CLANG_CXX_LIBRARY = "libc++";
				CLANG_ENABLE_MODULES = YES;
				CLANG_ENABLE_OBJC_ARC = YES;
				CLANG_WARN_BOOL_CONVERSION = YES;
				CLANG_WARN_CONSTANT_CONVERSION = YES;
				CLANG_WARN_DIRECT_OBJC_ISA_USAGE = YES_ERROR;
				CLANG_WARN_DOCUMENTATION_COMMENTS = YES;
				CLANG_WARN_EMPTY_BODY = YES;
				CLANG_WARN_ENUM_CONVERSION = YES;
				CLANG_WARN_INFINITE_RECURSION = YES;
				CLANG_WARN_INT_CONVERSION = YES;
				CLANG_WARN_OBJC_ROOT_CLASS = YES_ERROR;
				CLANG_WARN_SUSPICIOUS_MOVE = YES;
				CLANG_WARN_UNREACHABLE_CODE = YES;
				CLANG_WARN__DUPLICATE_METHOD_MATCH = YES;
				CODE_SIGN_IDENTITY = "-";
				COPY_PHASE_STRIP = NO;
				DEBUG_INFORMATION_FORMAT = "dwarf-with-dsym";
				ENABLE_NS_ASSERTIONS = NO;
				ENABLE_STRICT_OBJC_MSGSEND = YES;
				GCC_C_LANGUAGE_STANDARD = gnu99;
				GCC_NO_COMMON_BLOCKS = YES;
				GCC_WARN_64_TO_32_BIT_CONVERSION = YES;
				GCC_WARN_ABOUT_RETURN_TYPE = YES_ERROR;
				GCC_WARN_UNDECLARED_SELECTOR = YES;
				GCC_WARN_UNINITIALIZED_AUTOS = YES_AGGRESSIVE;
				GCC_WARN_UNUSED_FUNCTION = YES;
				GCC_WARN_UNUSED_VARIABLE = YES;
				MACOSX_DEPLOYMENT_TARGET = 10.12;
				MTL_ENABLE_DEBUG_INFO = NO;
				SDKROOT = macosx;
			};
			name = Release;
		};
		289A4E251EB36FB8002804AB /* Debug */ = {
			isa = XCBuildConfiguration;
			buildSettings = {
				CLANG_ENABLE_OBJC_ARC = YES;
				DEVELOPMENT_TEAM = 8NZ8K5GNH8;
				PRODUCT_NAME = "$(TARGET_NAME)";
			};
			name = Debug;
		};
		289A4E261EB36FB8002804AB /* Release */ = {
			isa = XCBuildConfiguration;
			buildSettings = {
				CLANG_ENABLE_OBJC_ARC = YES;
				DEVELOPMENT_TEAM = 8NZ8K5GNH8;
				PRODUCT_NAME = "$(TARGET_NAME)";
			};
			name = Release;
		};
/* End XCBuildConfiguration section */

/* Begin XCConfigurationList section */
		289A4E181EB36FB8002804AB /* Build configuration list for PBXProject "RSA Console" */ = {
			isa = XCConfigurationList;
			buildConfigurations = (
				289A4E221EB36FB8002804AB /* Debug */,
				289A4E231EB36FB8002804AB /* Release */,
			);
			defaultConfigurationIsVisible = 0;
			defaultConfigurationName = Release;
		};
		289A4E241EB36FB8002804AB /* Build configuration list for PBXNativeTarget "RSA Console" */ = {
			isa = XCConfigurationList;
			buildConfigurations = (
				289A4E251EB36FB8002804AB /* Debug */,
				289A4E261EB36FB8002804AB /* Release */,
			);
			defaultConfigurationIsVisible = 0;
			defaultConfigurationName = Release;
		};
/* End XCConfigurationList section */
	};
	rootObject = 289A4E151EB36FB8002804AB /* Project object */;
}
